<?xml version="1.0" encoding="utf-8"?>
<Project ToolsVersion="4.0" xmlns="http://schemas.microsoft.com/developer/msbuild/2003">
  <ItemGroup>
    <Filter Include="Source Files">
      <UniqueIdentifier>{4FC737F1-C7A5-4376-A066-2A32D752A2FF}</UniqueIdentifier>
      <Extensions>cpp;c;cc;cxx;def;odl;idl;hpj;bat;asm;asmx</Extensions>
    </Filter>
    <Filter Include="Header Files">
      <UniqueIdentifier>{93995380-89BD-4b04-88EB-625FBE52EBFB}</UniqueIdentifier>
      <Extensions>h;hh;hpp;hxx;hm;inl;inc;xsd</Extensions>
    </Filter>
    <Filter Include="Resource Files">
      <UniqueIdentifier>{67DA6AB6-F800-4c08-8B7A-83BB121AAD01}</UniqueIdentifier>
      <Extensions>rc;ico;cur;bmp;dlg;rc2;rct;bin;rgs;gif;jpg;jpeg;jpe;resx;tiff;tif;png;wav;mfcribbon-ms</Extensions>
    </Filter>
    <Filter Include="Header Files\tasks">
      <UniqueIdentifier>{4d61b8e3-9f5a-43be-9908-24cecae37d0f}</UniqueIdentifier>
    </Filter>
    <Filter Include="Source Files\tasks">
      <UniqueIdentifier>{e6ceca98-5fd5-4080-95a3-488536ebcbc5}</UniqueIdentifier>
    </Filter>
    <Filter Include="Header Files\FilesTransform">
      <UniqueIdentifier>{d0b7acdd-92f5-46c2-8107-5c578621bd60}</UniqueIdentifier>
    </Filter>
    <Filter Include="Source Files\FilesTransform">
      <UniqueIdentifier>{8957d651-2062-409c-922c-3495de3d6e42}</UniqueIdentifier>
    </Filter>
  </ItemGroup>
  <ItemGroup>
    <ClInclude Include="stdafx.h">
      <Filter>Header Files</Filter>
    </ClInclude>
    <ClInclude Include="targetver.h">
      <Filter>Header Files</Filter>
    </ClInclude>
    <ClInclude Include="CLIparser.h">
      <Filter>Header Files</Filter>
    </ClInclude>
    <ClInclude Include="TaskBackup.h">
      <Filter>Header Files\tasks</Filter>
    </ClInclude>
    <ClInclude Include="GlobalUtils.h">
      <Filter>Header Files</Filter>
    </ClInclude>
    <ClInclude Include="TaskDumpDB.h">
      <Filter>Header Files\tasks</Filter>
    </ClInclude>
    <ClInclude Include="TaskRestore.h">
      <Filter>Header Files\tasks</Filter>
    </ClInclude>
    <ClInclude Include="CommonDefinitions.h">
      <Filter>Header Files</Filter>
    </ClInclude>
    <ClInclude Include="ConsoleLogger.h">
      <Filter>Header Files</Filter>
    </ClInclude>
    <ClInclude Include="TaskPurge.h">
      <Filter>Header Files\tasks</Filter>
    </ClInclude>
    <ClInclude Include="resource.h">
      <Filter>Header Files</Filter>
    </ClInclude>
    <ClInclude Include="FileIO.h">
      <Filter>Header Files</Filter>
    </ClInclude>
    <ClInclude Include="TaskContext.h">
      <Filter>Header Files</Filter>
    </ClInclude>
    <ClInclude Include="PathEncoder.h">
      <Filter>Header Files\FilesTransform</Filter>
    </ClInclude>
    <ClInclude Include="utf16_compress.h">
      <Filter>Header Files\FilesTransform</Filter>
    </ClInclude>
    <ClInclude Include="FilesTransformer.h">
      <Filter>Header Files\FilesTransform</Filter>
    </ClInclude>
    <ClInclude Include="ChaChaFilter.h">
      <Filter>Header Files\FilesTransform</Filter>
    </ClInclude>
    <ClInclude Include="WildCardNameChecker.h">
      <Filter>Header Files</Filter>
    </ClInclude>
  </ItemGroup>
  <ItemGroup>
    <ClCompile Include="stdafx.cpp">
      <Filter>Source Files</Filter>
    </ClCompile>
    <ClCompile Include="keeper.cpp">
      <Filter>Source Files</Filter>
    </ClCompile>
    <ClCompile Include="CLIparser.cpp">
      <Filter>Source Files</Filter>
    </ClCompile>
    <ClCompile Include="TaskBackup.cpp">
      <Filter>Source Files\tasks</Filter>
    </ClCompile>
    <ClCompile Include="GlobalUtils.cpp">
      <Filter>Source Files</Filter>
    </ClCompile>
    <ClCompile Include="TaskDumpDB.cpp">
      <Filter>Source Files\tasks</Filter>
    </ClCompile>
    <ClCompile Include="TaskRestore.cpp">
      <Filter>Source Files\tasks</Filter>
    </ClCompile>
    <ClCompile Include="ConsoleLogger.cpp">
      <Filter>Source Files</Filter>
    </ClCompile>
    <ClCompile Include="TaskPurge.cpp">
      <Filter>Source Files\tasks</Filter>
    </ClCompile>
    <ClCompile Include="FileIO.cpp">
      <Filter>Source Files</Filter>
    </ClCompile>
    <ClCompile Include="TaskContext.cpp">
      <Filter>Source Files</Filter>
    </ClCompile>
    <ClCompile Include="PathEncoder.cpp">
      <Filter>Source Files\FilesTransform</Filter>
    </ClCompile>
    <ClCompile Include="utf16_compress.cpp">
      <Filter>Source Files\FilesTransform</Filter>
    </ClCompile>
    <ClCompile Include="FilesTransformer.cpp">
      <Filter>Source Files\FilesTransform</Filter>
    </ClCompile>
    <ClCompile Include="WildCardNameChecker.cpp">
      <Filter>Source Files</Filter>
    </ClCompile>
  </ItemGroup>
  <ItemGroup>
    <ResourceCompile Include="keeper.rc">
      <Filter>Resource Files</Filter>
    </ResourceCompile>
  </ItemGroup>
</Project>